
Microsoft Visual Studio Solution File, Format Version 12.00
# Visual Studio Version 16
VisualStudioVersion = 16.0.30114.105
MinimumVisualStudioVersion = 10.0.40219.1
Project("{2150E333-8FDC-42A3-9474-1A3956D46DE8}") = "src", "src", "{282B2808-CAD3-497E-A269-4127A8DE05F1}"
EndProject
Project("{FAE04EC0-301F-11D3-BF4B-00C04F79EFBC}") = "GradesApp", "src\GradesApp\GradesApp.csproj", "{64DFA70E-4537-4C3D-AD0A-3381C9BE2D84}"
EndProject
Project("{2150E333-8FDC-42A3-9474-1A3956D46DE8}") = "test", "test", "{4DE10BCE-89DA-43C0-9D52-8AA865C557B8}"
EndProject
Project("{FAE04EC0-301F-11D3-BF4B-00C04F79EFBC}") = "Grades.Tests", "test\Grades.Tests\Grades.Tests.csproj", "{9FF0A351-ACBC-4DED-B99B-A1447E20CE74}"
EndProject
Global
	GlobalSection(SolutionConfigurationPlatforms) = preSolution
		Debug|Any CPU = Debug|Any CPU
		Debug|x64 = Debug|x64
		Debug|x86 = Debug|x86
		Release|Any CPU = Release|Any CPU
		Release|x64 = Release|x64
		Release|x86 = Release|x86
	EndGlobalSection
	GlobalSection(SolutionProperties) = preSolution
		HideSolutionNode = FALSE
	EndGlobalSection
	GlobalSection(ProjectConfigurationPlatforms) = postSolution
		{64DFA70E-4537-4C3D-AD0A-3381C9BE2D84}.Debug|Any CPU.ActiveCfg = Debug|Any CPU
		{64DFA70E-4537-4C3D-AD0A-3381C9BE2D84}.Debug|Any CPU.Build.0 = Debug|Any CPU
		{64DFA70E-4537-4C3D-AD0A-3381C9BE2D84}.Debug|x64.ActiveCfg = Debug|Any CPU
		{64DFA70E-4537-4C3D-AD0A-3381C9BE2D84}.Debug|x64.Build.0 = Debug|Any CPU
		{64DFA70E-4537-4C3D-AD0A-3381C9BE2D84}.Debug|x86.ActiveCfg = Debug|Any CPU
		{64DFA70E-4537-4C3D-AD0A-3381C9BE2D84}.Debug|x86.Build.0 = Debug|Any CPU
		{64DFA70E-4537-4C3D-AD0A-3381C9BE2D84}.Release|Any CPU.ActiveCfg = Release|Any CPU
		{64DFA70E-4537-4C3D-AD0A-3381C9BE2D84}.Release|Any CPU.Build.0 = Release|Any CPU
		{64DFA70E-4537-4C3D-AD0A-3381C9BE2D84}.Release|x64.ActiveCfg = Release|Any CPU
		{64DFA70E-4537-4C3D-AD0A-3381C9BE2D84}.Release|x64.Build.0 = Release|Any CPU
		{64DFA70E-4537-4C3D-AD0A-3381C9BE2D84}.Release|x86.ActiveCfg = Release|Any CPU
		{64DFA70E-4537-4C3D-AD0A-3381C9BE2D84}.Release|x86.Build.0 = Release|Any CPU
		{9FF0A351-ACBC-4DED-B99B-A1447E20CE74}.Debug|Any CPU.ActiveCfg = Debug|Any CPU
		{9FF0A351-ACBC-4DED-B99B-A1447E20CE74}.Debug|Any CPU.Build.0 = Debug|Any CPU
		{9FF0A351-ACBC-4DED-B99B-A1447E20CE74}.Debug|x64.ActiveCfg = Debug|Any CPU
		{9FF0A351-ACBC-4DED-B99B-A1447E20CE74}.Debug|x64.Build.0 = Debug|Any CPU
		{9FF0A351-ACBC-4DED-B99B-A1447E20CE74}.Debug|x86.ActiveCfg = Debug|Any CPU
		{9FF0A351-ACBC-4DED-B99B-A1447E20CE74}.Debug|x86.Build.0 = Debug|Any CPU
		{9FF0A351-ACBC-4DED-B99B-A1447E20CE74}.Release|Any CPU.ActiveCfg = Release|Any CPU
		{9FF0A351-ACBC-4DED-B99B-A1447E20CE74}.Release|Any CPU.Build.0 = Release|Any CPU
		{9FF0A351-ACBC-4DED-B99B-A1447E20CE74}.Release|x64.ActiveCfg = Release|Any CPU
		{9FF0A351-ACBC-4DED-B99B-A1447E20CE74}.Release|x64.Build.0 = Release|Any CPU
		{9FF0A351-ACBC-4DED-B99B-A1447E20CE74}.Release|x86.ActiveCfg = Release|Any CPU
		{9FF0A351-ACBC-4DED-B99B-A1447E20CE74}.Release|x86.Build.0 = Release|Any CPU
	EndGlobalSection
	GlobalSection(NestedProjects) = preSolution
		{64DFA70E-4537-4C3D-AD0A-3381C9BE2D84} = {282B2808-CAD3-497E-A269-4127A8DE05F1}
		{9FF0A351-ACBC-4DED-B99B-A1447E20CE74} = {4DE10BCE-89DA-43C0-9D52-8AA865C557B8}
	EndGlobalSection
EndGlobal
